
Microsoft Visual Studio Solution File, Format Version 12.00
# Visual Studio 15
VisualStudioVersion = 15.0.27703.2035
MinimumVisualStudioVersion = 10.0.40219.1
Project("{FAE04EC0-301F-11D3-BF4B-00C04F79EFBC}") = "TestLib.Worker", "TestLib.Worker\TestLib.Worker.csproj", "{FF84B3E4-FC7B-4B23-83C1-C23554C51314}"
EndProject
Project("{8BC9CEB8-8B4A-11D0-8D11-00A0C91BC942}") = "TestLib.Tester", "TestLib.Tester\TestLib.Tester.vcxproj", "{75A0152A-D5BD-4EF3-97E5-43AC125D866D}"
EndProject
Global
	GlobalSection(SolutionConfigurationPlatforms) = preSolution
		Debug|Any CPU = Debug|Any CPU
		Debug|x64 = Debug|x64
		Debug|x86 = Debug|x86
		Release|Any CPU = Release|Any CPU
		Release|x64 = Release|x64
		Release|x86 = Release|x86
	EndGlobalSection
	GlobalSection(ProjectConfigurationPlatforms) = postSolution
		{FF84B3E4-FC7B-4B23-83C1-C23554C51314}.Debug|Any CPU.ActiveCfg = Debug|Any CPU
		{FF84B3E4-FC7B-4B23-83C1-C23554C51314}.Debug|Any CPU.Build.0 = Debug|Any CPU
		{FF84B3E4-FC7B-4B23-83C1-C23554C51314}.Debug|x64.ActiveCfg = Debug|Any CPU
		{FF84B3E4-FC7B-4B23-83C1-C23554C51314}.Debug|x64.Build.0 = Debug|Any CPU
		{FF84B3E4-FC7B-4B23-83C1-C23554C51314}.Debug|x86.ActiveCfg = Debug|x86
		{FF84B3E4-FC7B-4B23-83C1-C23554C51314}.Debug|x86.Build.0 = Debug|x86
		{FF84B3E4-FC7B-4B23-83C1-C23554C51314}.Release|Any CPU.ActiveCfg = Release|Any CPU
		{FF84B3E4-FC7B-4B23-83C1-C23554C51314}.Release|Any CPU.Build.0 = Release|Any CPU
		{FF84B3E4-FC7B-4B23-83C1-C23554C51314}.Release|x64.ActiveCfg = Release|Any CPU
		{FF84B3E4-FC7B-4B23-83C1-C23554C51314}.Release|x64.Build.0 = Release|Any CPU
		{FF84B3E4-FC7B-4B23-83C1-C23554C51314}.Release|x86.ActiveCfg = Release|x86
		{FF84B3E4-FC7B-4B23-83C1-C23554C51314}.Release|x86.Build.0 = Release|x86
		{75A0152A-D5BD-4EF3-97E5-43AC125D866D}.Debug|Any CPU.ActiveCfg = Debug|Win32
		{75A0152A-D5BD-4EF3-97E5-43AC125D866D}.Debug|Any CPU.Build.0 = Debug|Win32
		{75A0152A-D5BD-4EF3-97E5-43AC125D866D}.Debug|x64.ActiveCfg = Debug|x64
		{75A0152A-D5BD-4EF3-97E5-43AC125D866D}.Debug|x64.Build.0 = Debug|x64
		{75A0152A-D5BD-4EF3-97E5-43AC125D866D}.Debug|x86.ActiveCfg = Debug|Win32
		{75A0152A-D5BD-4EF3-97E5-43AC125D866D}.Debug|x86.Build.0 = Debug|Win32
		{75A0152A-D5BD-4EF3-97E5-43AC125D866D}.Release|Any CPU.ActiveCfg = Release|Win32
		{75A0152A-D5BD-4EF3-97E5-43AC125D866D}.Release|x64.ActiveCfg = Release|x64
		{75A0152A-D5BD-4EF3-97E5-43AC125D866D}.Release|x64.Build.0 = Release|x64
		{75A0152A-D5BD-4EF3-97E5-43AC125D866D}.Release|x86.ActiveCfg = Release|Win32
		{75A0152A-D5BD-4EF3-97E5-43AC125D866D}.Release|x86.Build.0 = Release|Win32
	EndGlobalSection
	GlobalSection(SolutionProperties) = preSolution
		HideSolutionNode = FALSE
	EndGlobalSection
	GlobalSection(ExtensibilityGlobals) = postSolution
		SolutionGuid = {09724E29-94C2-4FD7-82AD-2240B0F68432}
	EndGlobalSection
EndGlobal
